
Microsoft Visual Studio Solution File, Format Version 12.00
# Visual Studio 15
VisualStudioVersion = 15.0.28010.2046
MinimumVisualStudioVersion = 10.0.40219.1
Project("{F2A71F9B-5D33-465A-A702-920D77279786}") = "HaoKangFramework", "HaoKangFramework\HaoKangFramework.fsproj", "{F3C06E64-D10C-4E91-B2DB-FD2313DCEDAA}"
EndProject
Global
	GlobalSection(SolutionConfigurationPlatforms) = preSolution
		Debug|Any CPU = Debug|Any CPU
		Release|Any CPU = Release|Any CPU
	EndGlobalSection
	GlobalSection(ProjectConfigurationPlatforms) = postSolution
		{F3C06E64-D10C-4E91-B2DB-FD2313DCEDAA}.Debug|Any CPU.ActiveCfg = Debug|Any CPU
		{F3C06E64-D10C-4E91-B2DB-FD2313DCEDAA}.Debug|Any CPU.Build.0 = Debug|Any CPU
		{F3C06E64-D10C-4E91-B2DB-FD2313DCEDAA}.Release|Any CPU.ActiveCfg = Release|Any CPU
		{F3C06E64-D10C-4E91-B2DB-FD2313DCEDAA}.Release|Any CPU.Build.0 = Release|Any CPU
	EndGlobalSection
	GlobalSection(SolutionProperties) = preSolution
		HideSolutionNode = FALSE
	EndGlobalSection
	GlobalSection(ExtensibilityGlobals) = postSolution
		SolutionGuid = {95022F29-578D-4155-AACC-D98CF9BC9AE7}
	EndGlobalSection
EndGlobal
